// !$*UTF8*$!
{
	archiveVersion = 1;
	classes = {
	};
	objectVersion = 46;
	objects = {

/* Begin PBXBuildFile section */
		EA037E581A834B9300F47B17 /* AppDelegate.swift in Sources */ = {isa = PBXBuildFile; fileRef = EA037E571A834B9300F47B17 /* AppDelegate.swift */; };
		EA037E5A1A834B9300F47B17 /* Images.xcassets in Resources */ = {isa = PBXBuildFile; fileRef = EA037E591A834B9300F47B17 /* Images.xcassets */; };
		EA037E5D1A834B9300F47B17 /* MainMenu.xib in Resources */ = {isa = PBXBuildFile; fileRef = EA037E5B1A834B9300F47B17 /* MainMenu.xib */; };
		EA037E691A834B9300F47B17 /* SukhasanaTests.swift in Sources */ = {isa = PBXBuildFile; fileRef = EA037E681A834B9300F47B17 /* SukhasanaTests.swift */; };
		EA037E7D1A847CF800F47B17 /* Cartography.framework in Frameworks */ = {isa = PBXBuildFile; fileRef = EA037E781A847CF800F47B17 /* Cartography.framework */; };
		EA037E7E1A847CF800F47B17 /* Cartography.framework in Embed Frameworks */ = {isa = PBXBuildFile; fileRef = EA037E781A847CF800F47B17 /* Cartography.framework */; settings = {ATTRIBUTES = (CodeSignOnCopy, RemoveHeadersOnCopy, ); }; };
		EA037E7F1A847CF800F47B17 /* LlamaKit.framework in Frameworks */ = {isa = PBXBuildFile; fileRef = EA037E791A847CF800F47B17 /* LlamaKit.framework */; };
		EA037E801A847CF800F47B17 /* LlamaKit.framework in Embed Frameworks */ = {isa = PBXBuildFile; fileRef = EA037E791A847CF800F47B17 /* LlamaKit.framework */; settings = {ATTRIBUTES = (CodeSignOnCopy, RemoveHeadersOnCopy, ); }; };
		EA037E851A847CF800F47B17 /* ReactiveCocoa.framework in Frameworks */ = {isa = PBXBuildFile; fileRef = EA037E7C1A847CF800F47B17 /* ReactiveCocoa.framework */; };
		EA037E861A847CF800F47B17 /* ReactiveCocoa.framework in Embed Frameworks */ = {isa = PBXBuildFile; fileRef = EA037E7C1A847CF800F47B17 /* ReactiveCocoa.framework */; settings = {ATTRIBUTES = (CodeSignOnCopy, RemoveHeadersOnCopy, ); }; };
		EA1202C11A92F125002DE2FA /* ApplicationModel.swift in Sources */ = {isa = PBXBuildFile; fileRef = EA1202C01A92F125002DE2FA /* ApplicationModel.swift */; };
		EA307A5B1A8730F10008A566 /* Panel.swift in Sources */ = {isa = PBXBuildFile; fileRef = EA307A5A1A8730F10008A566 /* Panel.swift */; };
		EA307A5D1A8756710008A566 /* MainScreenModel.swift in Sources */ = {isa = PBXBuildFile; fileRef = EA307A5C1A8756710008A566 /* MainScreenModel.swift */; };
		EA307A601A87FC780008A566 /* Alamofire.framework in Frameworks */ = {isa = PBXBuildFile; fileRef = EA307A5F1A87FC780008A566 /* Alamofire.framework */; };
		EA307A611A87FC780008A566 /* Alamofire.framework in Embed Frameworks */ = {isa = PBXBuildFile; fileRef = EA307A5F1A87FC780008A566 /* Alamofire.framework */; settings = {ATTRIBUTES = (CodeSignOnCopy, RemoveHeadersOnCopy, ); }; };
		EA462FC11A9AD196005965A8 /* TupleExtensions.swift in Sources */ = {isa = PBXBuildFile; fileRef = EA462FC01A9AD196005965A8 /* TupleExtensions.swift */; };
		EA670FFB1A8DCCE1008DA8F7 /* MainViewController.swift in Sources */ = {isa = PBXBuildFile; fileRef = EA670FFA1A8DCCE1008DA8F7 /* MainViewController.swift */; };
		EA670FFD1A8DD1C9008DA8F7 /* TableScrollView.swift in Sources */ = {isa = PBXBuildFile; fileRef = EA670FFC1A8DD1C9008DA8F7 /* TableScrollView.swift */; };
		EACD805E1A99394900093C22 /* Gear@2x.png in Resources */ = {isa = PBXBuildFile; fileRef = EACD805D1A99394900093C22 /* Gear@2x.png */; };
		EACD80B21A997C0700093C22 /* Settings.swift in Sources */ = {isa = PBXBuildFile; fileRef = EACD80B11A997C0700093C22 /* Settings.swift */; };
		EACD80B61A99885F00093C22 /* NSUserDefaults+SettingsStore.swift in Sources */ = {isa = PBXBuildFile; fileRef = EACD80B51A99885F00093C22 /* NSUserDefaults+SettingsStore.swift */; };
		EAE48ED41A92A42D009F0CFC /* SettingsViewController.swift in Sources */ = {isa = PBXBuildFile; fileRef = EAE48ED31A92A42D009F0CFC /* SettingsViewController.swift */; };
		EAE48ED61A92C273009F0CFC /* SettingsScreenModel.swift in Sources */ = {isa = PBXBuildFile; fileRef = EAE48ED51A92C273009F0CFC /* SettingsScreenModel.swift */; };
		EAE48ED81A92C319009F0CFC /* APIClient.swift in Sources */ = {isa = PBXBuildFile; fileRef = EAE48ED71A92C319009F0CFC /* APIClient.swift */; };
		EAE48EDA1A92C922009F0CFC /* MainViewController.xib in Resources */ = {isa = PBXBuildFile; fileRef = EAE48ED91A92C922009F0CFC /* MainViewController.xib */; };
		EAE48EDC1A92CE26009F0CFC /* SettingsViewController.xib in Resources */ = {isa = PBXBuildFile; fileRef = EAE48EDB1A92CE26009F0CFC /* SettingsViewController.xib */; };
		EAE48EDE1A92DB89009F0CFC /* SignalOperators.swift in Sources */ = {isa = PBXBuildFile; fileRef = EAE48EDD1A92DB89009F0CFC /* SignalOperators.swift */; };
		EAEA6F951A99BE3400F359BD /* ViewController.swift in Sources */ = {isa = PBXBuildFile; fileRef = EAEA6F941A99BE3400F359BD /* ViewController.swift */; };
		EAEA6F971A9A5FE900F359BD /* TableView.swift in Sources */ = {isa = PBXBuildFile; fileRef = EAEA6F961A9A5FE900F359BD /* TableView.swift */; };
/* End PBXBuildFile section */

/* Begin PBXContainerItemProxy section */
		EA037E631A834B9300F47B17 /* PBXContainerItemProxy */ = {
			isa = PBXContainerItemProxy;
			containerPortal = EA037E4A1A834B9300F47B17 /* Project object */;
			proxyType = 1;
			remoteGlobalIDString = EA037E511A834B9300F47B17;
			remoteInfo = Sukhasana;
		};
/* End PBXContainerItemProxy section */

/* Begin PBXCopyFilesBuildPhase section */
		EA037E871A847CF800F47B17 /* Embed Frameworks */ = {
			isa = PBXCopyFilesBuildPhase;
			buildActionMask = 2147483647;
			dstPath = "";
			dstSubfolderSpec = 10;
			files = (
				EA037E7E1A847CF800F47B17 /* Cartography.framework in Embed Frameworks */,
				EA037E801A847CF800F47B17 /* LlamaKit.framework in Embed Frameworks */,
				EA037E861A847CF800F47B17 /* ReactiveCocoa.framework in Embed Frameworks */,
				EA307A611A87FC780008A566 /* Alamofire.framework in Embed Frameworks */,
			);
			name = "Embed Frameworks";
			runOnlyForDeploymentPostprocessing = 0;
		};
/* End PBXCopyFilesBuildPhase section */

/* Begin PBXFileReference section */
		EA037E521A834B9300F47B17 /* Sukhasana.app */ = {isa = PBXFileReference; explicitFileType = wrapper.application; includeInIndex = 0; path = Sukhasana.app; sourceTree = BUILT_PRODUCTS_DIR; };
		EA037E561A834B9300F47B17 /* Info.plist */ = {isa = PBXFileReference; lastKnownFileType = text.plist.xml; path = Info.plist; sourceTree = "<group>"; };
		EA037E571A834B9300F47B17 /* AppDelegate.swift */ = {isa = PBXFileReference; lastKnownFileType = sourcecode.swift; path = AppDelegate.swift; sourceTree = "<group>"; };
		EA037E591A834B9300F47B17 /* Images.xcassets */ = {isa = PBXFileReference; lastKnownFileType = folder.assetcatalog; path = Images.xcassets; sourceTree = "<group>"; };
		EA037E5C1A834B9300F47B17 /* Base */ = {isa = PBXFileReference; lastKnownFileType = file.xib; name = Base; path = Base.lproj/MainMenu.xib; sourceTree = "<group>"; };
		EA037E621A834B9300F47B17 /* SukhasanaTests.xctest */ = {isa = PBXFileReference; explicitFileType = wrapper.cfbundle; includeInIndex = 0; path = SukhasanaTests.xctest; sourceTree = BUILT_PRODUCTS_DIR; };
		EA037E671A834B9300F47B17 /* Info.plist */ = {isa = PBXFileReference; lastKnownFileType = text.plist.xml; path = Info.plist; sourceTree = "<group>"; };
		EA037E681A834B9300F47B17 /* SukhasanaTests.swift */ = {isa = PBXFileReference; lastKnownFileType = sourcecode.swift; path = SukhasanaTests.swift; sourceTree = "<group>"; };
		EA037E781A847CF800F47B17 /* Cartography.framework */ = {isa = PBXFileReference; lastKnownFileType = wrapper.framework; name = Cartography.framework; path = Carthage/Build/Mac/Cartography.framework; sourceTree = "<group>"; };
		EA037E791A847CF800F47B17 /* LlamaKit.framework */ = {isa = PBXFileReference; lastKnownFileType = wrapper.framework; name = LlamaKit.framework; path = Carthage/Build/Mac/LlamaKit.framework; sourceTree = "<group>"; };
		EA037E7C1A847CF800F47B17 /* ReactiveCocoa.framework */ = {isa = PBXFileReference; lastKnownFileType = wrapper.framework; name = ReactiveCocoa.framework; path = Carthage/Build/Mac/ReactiveCocoa.framework; sourceTree = "<group>"; };
		EA1202C01A92F125002DE2FA /* ApplicationModel.swift */ = {isa = PBXFileReference; fileEncoding = 4; lastKnownFileType = sourcecode.swift; path = ApplicationModel.swift; sourceTree = "<group>"; };
		EA307A5A1A8730F10008A566 /* Panel.swift */ = {isa = PBXFileReference; fileEncoding = 4; lastKnownFileType = sourcecode.swift; path = Panel.swift; sourceTree = "<group>"; };
		EA307A5C1A8756710008A566 /* MainScreenModel.swift */ = {isa = PBXFileReference; fileEncoding = 4; lastKnownFileType = sourcecode.swift; path = MainScreenModel.swift; sourceTree = "<group>"; };
		EA307A5F1A87FC780008A566 /* Alamofire.framework */ = {isa = PBXFileReference; lastKnownFileType = wrapper.framework; name = Alamofire.framework; path = Carthage/Build/Mac/Alamofire.framework; sourceTree = "<group>"; };
		EA462FC01A9AD196005965A8 /* TupleExtensions.swift */ = {isa = PBXFileReference; fileEncoding = 4; lastKnownFileType = sourcecode.swift; path = TupleExtensions.swift; sourceTree = "<group>"; };
		EA670FFA1A8DCCE1008DA8F7 /* MainViewController.swift */ = {isa = PBXFileReference; fileEncoding = 4; lastKnownFileType = sourcecode.swift; path = MainViewController.swift; sourceTree = "<group>"; };
		EA670FFC1A8DD1C9008DA8F7 /* TableScrollView.swift */ = {isa = PBXFileReference; fileEncoding = 4; lastKnownFileType = sourcecode.swift; path = TableScrollView.swift; sourceTree = "<group>"; };
		EACD805D1A99394900093C22 /* Gear@2x.png */ = {isa = PBXFileReference; lastKnownFileType = image.png; path = "Gear@2x.png"; sourceTree = "<group>"; };
		EACD80B11A997C0700093C22 /* Settings.swift */ = {isa = PBXFileReference; fileEncoding = 4; lastKnownFileType = sourcecode.swift; path = Settings.swift; sourceTree = "<group>"; };
		EACD80B51A99885F00093C22 /* NSUserDefaults+SettingsStore.swift */ = {isa = PBXFileReference; fileEncoding = 4; lastKnownFileType = sourcecode.swift; path = "NSUserDefaults+SettingsStore.swift"; sourceTree = "<group>"; };
		EAE48ED31A92A42D009F0CFC /* SettingsViewController.swift */ = {isa = PBXFileReference; fileEncoding = 4; lastKnownFileType = sourcecode.swift; path = SettingsViewController.swift; sourceTree = "<group>"; };
		EAE48ED51A92C273009F0CFC /* SettingsScreenModel.swift */ = {isa = PBXFileReference; fileEncoding = 4; lastKnownFileType = sourcecode.swift; path = SettingsScreenModel.swift; sourceTree = "<group>"; };
		EAE48ED71A92C319009F0CFC /* APIClient.swift */ = {isa = PBXFileReference; fileEncoding = 4; lastKnownFileType = sourcecode.swift; path = APIClient.swift; sourceTree = "<group>"; };
		EAE48ED91A92C922009F0CFC /* MainViewController.xib */ = {isa = PBXFileReference; fileEncoding = 4; lastKnownFileType = file.xib; path = MainViewController.xib; sourceTree = "<group>"; };
		EAE48EDB1A92CE26009F0CFC /* SettingsViewController.xib */ = {isa = PBXFileReference; fileEncoding = 4; lastKnownFileType = file.xib; path = SettingsViewController.xib; sourceTree = "<group>"; };
		EAE48EDD1A92DB89009F0CFC /* SignalOperators.swift */ = {isa = PBXFileReference; fileEncoding = 4; lastKnownFileType = sourcecode.swift; path = SignalOperators.swift; sourceTree = "<group>"; };
		EAEA6F941A99BE3400F359BD /* ViewController.swift */ = {isa = PBXFileReference; fileEncoding = 4; lastKnownFileType = sourcecode.swift; path = ViewController.swift; sourceTree = "<group>"; };
		EAEA6F961A9A5FE900F359BD /* TableView.swift */ = {isa = PBXFileReference; fileEncoding = 4; lastKnownFileType = sourcecode.swift; path = TableView.swift; sourceTree = "<group>"; };
/* End PBXFileReference section */

/* Begin PBXFrameworksBuildPhase section */
		EA037E4F1A834B9300F47B17 /* Frameworks */ = {
			isa = PBXFrameworksBuildPhase;
			buildActionMask = 2147483647;
			files = (
				EA037E7D1A847CF800F47B17 /* Cartography.framework in Frameworks */,
				EA037E7F1A847CF800F47B17 /* LlamaKit.framework in Frameworks */,
				EA037E851A847CF800F47B17 /* ReactiveCocoa.framework in Frameworks */,
				EA307A601A87FC780008A566 /* Alamofire.framework in Frameworks */,
			);
			runOnlyForDeploymentPostprocessing = 0;
		};
		EA037E5F1A834B9300F47B17 /* Frameworks */ = {
			isa = PBXFrameworksBuildPhase;
			buildActionMask = 2147483647;
			files = (
			);
			runOnlyForDeploymentPostprocessing = 0;
		};
/* End PBXFrameworksBuildPhase section */

/* Begin PBXGroup section */
		EA037E491A834B9300F47B17 = {
			isa = PBXGroup;
			children = (
				EA307A5F1A87FC780008A566 /* Alamofire.framework */,
				EA037E781A847CF800F47B17 /* Cartography.framework */,
				EA037E791A847CF800F47B17 /* LlamaKit.framework */,
				EA037E7C1A847CF800F47B17 /* ReactiveCocoa.framework */,
				EA037E541A834B9300F47B17 /* Sukhasana */,
				EA037E651A834B9300F47B17 /* SukhasanaTests */,
				EA037E531A834B9300F47B17 /* Products */,
			);
			sourceTree = "<group>";
		};
		EA037E531A834B9300F47B17 /* Products */ = {
			isa = PBXGroup;
			children = (
				EA037E521A834B9300F47B17 /* Sukhasana.app */,
				EA037E621A834B9300F47B17 /* SukhasanaTests.xctest */,
			);
			name = Products;
			sourceTree = "<group>";
		};
		EA037E541A834B9300F47B17 /* Sukhasana */ = {
			isa = PBXGroup;
			children = (
				EAE48ED71A92C319009F0CFC /* APIClient.swift */,
				EA037E571A834B9300F47B17 /* AppDelegate.swift */,
				EA1202C01A92F125002DE2FA /* ApplicationModel.swift */,
				EACD805D1A99394900093C22 /* Gear@2x.png */,
				EA037E591A834B9300F47B17 /* Images.xcassets */,
				EA037E5B1A834B9300F47B17 /* MainMenu.xib */,
				EA307A5C1A8756710008A566 /* MainScreenModel.swift */,
				EA670FFA1A8DCCE1008DA8F7 /* MainViewController.swift */,
				EAE48ED91A92C922009F0CFC /* MainViewController.xib */,
				EACD80B51A99885F00093C22 /* NSUserDefaults+SettingsStore.swift */,
				EA307A5A1A8730F10008A566 /* Panel.swift */,
				EACD80B11A997C0700093C22 /* Settings.swift */,
				EAE48ED51A92C273009F0CFC /* SettingsScreenModel.swift */,
				EAE48ED31A92A42D009F0CFC /* SettingsViewController.swift */,
				EAE48EDB1A92CE26009F0CFC /* SettingsViewController.xib */,
				EAE48EDD1A92DB89009F0CFC /* SignalOperators.swift */,
				EA037E551A834B9300F47B17 /* Supporting Files */,
				EA670FFC1A8DD1C9008DA8F7 /* TableScrollView.swift */,
				EAEA6F961A9A5FE900F359BD /* TableView.swift */,
				EA462FC01A9AD196005965A8 /* TupleExtensions.swift */,
				EAEA6F941A99BE3400F359BD /* ViewController.swift */,
			);
			path = Sukhasana;
			sourceTree = "<group>";
		};
		EA037E551A834B9300F47B17 /* Supporting Files */ = {
			isa = PBXGroup;
			children = (
				EA037E561A834B9300F47B17 /* Info.plist */,
			);
			name = "Supporting Files";
			sourceTree = "<group>";
		};
		EA037E651A834B9300F47B17 /* SukhasanaTests */ = {
			isa = PBXGroup;
			children = (
				EA037E681A834B9300F47B17 /* SukhasanaTests.swift */,
				EA037E661A834B9300F47B17 /* Supporting Files */,
			);
			path = SukhasanaTests;
			sourceTree = "<group>";
		};
		EA037E661A834B9300F47B17 /* Supporting Files */ = {
			isa = PBXGroup;
			children = (
				EA037E671A834B9300F47B17 /* Info.plist */,
			);
			name = "Supporting Files";
			sourceTree = "<group>";
		};
/* End PBXGroup section */

/* Begin PBXNativeTarget section */
		EA037E511A834B9300F47B17 /* Sukhasana */ = {
			isa = PBXNativeTarget;
			buildConfigurationList = EA037E6C1A834B9300F47B17 /* Build configuration list for PBXNativeTarget "Sukhasana" */;
			buildPhases = (
				EA037E4E1A834B9300F47B17 /* Sources */,
				EA037E4F1A834B9300F47B17 /* Frameworks */,
				EA037E501A834B9300F47B17 /* Resources */,
				EA037E871A847CF800F47B17 /* Embed Frameworks */,
			);
			buildRules = (
			);
			dependencies = (
			);
			name = Sukhasana;
			productName = Sukhasana;
			productReference = EA037E521A834B9300F47B17 /* Sukhasana.app */;
			productType = "com.apple.product-type.application";
		};
		EA037E611A834B9300F47B17 /* SukhasanaTests */ = {
			isa = PBXNativeTarget;
			buildConfigurationList = EA037E6F1A834B9300F47B17 /* Build configuration list for PBXNativeTarget "SukhasanaTests" */;
			buildPhases = (
				EA037E5E1A834B9300F47B17 /* Sources */,
				EA037E5F1A834B9300F47B17 /* Frameworks */,
				EA037E601A834B9300F47B17 /* Resources */,
			);
			buildRules = (
			);
			dependencies = (
				EA037E641A834B9300F47B17 /* PBXTargetDependency */,
			);
			name = SukhasanaTests;
			productName = SukhasanaTests;
			productReference = EA037E621A834B9300F47B17 /* SukhasanaTests.xctest */;
			productType = "com.apple.product-type.bundle.unit-test";
		};
/* End PBXNativeTarget section */

/* Begin PBXProject section */
		EA037E4A1A834B9300F47B17 /* Project object */ = {
			isa = PBXProject;
			attributes = {
				LastUpgradeCheck = 0610;
				ORGANIZATIONNAME = "Tom Brow";
				TargetAttributes = {
					EA037E511A834B9300F47B17 = {
						CreatedOnToolsVersion = 6.1.1;
					};
					EA037E611A834B9300F47B17 = {
						CreatedOnToolsVersion = 6.1.1;
						TestTargetID = EA037E511A834B9300F47B17;
					};
				};
			};
			buildConfigurationList = EA037E4D1A834B9300F47B17 /* Build configuration list for PBXProject "Sukhasana" */;
			compatibilityVersion = "Xcode 3.2";
			developmentRegion = English;
			hasScannedForEncodings = 0;
			knownRegions = (
				en,
				Base,
			);
			mainGroup = EA037E491A834B9300F47B17;
			productRefGroup = EA037E531A834B9300F47B17 /* Products */;
			projectDirPath = "";
			projectRoot = "";
			targets = (
				EA037E511A834B9300F47B17 /* Sukhasana */,
				EA037E611A834B9300F47B17 /* SukhasanaTests */,
			);
		};
/* End PBXProject section */

/* Begin PBXResourcesBuildPhase section */
		EA037E501A834B9300F47B17 /* Resources */ = {
			isa = PBXResourcesBuildPhase;
			buildActionMask = 2147483647;
			files = (
				EA037E5A1A834B9300F47B17 /* Images.xcassets in Resources */,
				EAE48EDA1A92C922009F0CFC /* MainViewController.xib in Resources */,
				EA037E5D1A834B9300F47B17 /* MainMenu.xib in Resources */,
				EAE48EDC1A92CE26009F0CFC /* SettingsViewController.xib in Resources */,
				EACD805E1A99394900093C22 /* Gear@2x.png in Resources */,
			);
			runOnlyForDeploymentPostprocessing = 0;
		};
		EA037E601A834B9300F47B17 /* Resources */ = {
			isa = PBXResourcesBuildPhase;
			buildActionMask = 2147483647;
			files = (
			);
			runOnlyForDeploymentPostprocessing = 0;
		};
/* End PBXResourcesBuildPhase section */

/* Begin PBXSourcesBuildPhase section */
		EA037E4E1A834B9300F47B17 /* Sources */ = {
			isa = PBXSourcesBuildPhase;
			buildActionMask = 2147483647;
			files = (
				EA037E581A834B9300F47B17 /* AppDelegate.swift in Sources */,
				EAE48EDE1A92DB89009F0CFC /* SignalOperators.swift in Sources */,
				EACD80B61A99885F00093C22 /* NSUserDefaults+SettingsStore.swift in Sources */,
				EAEA6F971A9A5FE900F359BD /* TableView.swift in Sources */,
				EA1202C11A92F125002DE2FA /* ApplicationModel.swift in Sources */,
				EA670FFD1A8DD1C9008DA8F7 /* TableScrollView.swift in Sources */,
				EAE48ED81A92C319009F0CFC /* APIClient.swift in Sources */,
				EA670FFB1A8DCCE1008DA8F7 /* MainViewController.swift in Sources */,
				EAE48ED41A92A42D009F0CFC /* SettingsViewController.swift in Sources */,
				EAEA6F951A99BE3400F359BD /* ViewController.swift in Sources */,
				EA462FC11A9AD196005965A8 /* TupleExtensions.swift in Sources */,
				EA307A5B1A8730F10008A566 /* Panel.swift in Sources */,
				EA307A5D1A8756710008A566 /* MainScreenModel.swift in Sources */,
				EACD80B21A997C0700093C22 /* Settings.swift in Sources */,
				EAE48ED61A92C273009F0CFC /* SettingsScreenModel.swift in Sources */,
			);
			runOnlyForDeploymentPostprocessing = 0;
		};
		EA037E5E1A834B9300F47B17 /* Sources */ = {
			isa = PBXSourcesBuildPhase;
			buildActionMask = 2147483647;
			files = (
				EA037E691A834B9300F47B17 /* SukhasanaTests.swift in Sources */,
			);
			runOnlyForDeploymentPostprocessing = 0;
		};
/* End PBXSourcesBuildPhase section */

/* Begin PBXTargetDependency section */
		EA037E641A834B9300F47B17 /* PBXTargetDependency */ = {
			isa = PBXTargetDependency;
			target = EA037E511A834B9300F47B17 /* Sukhasana */;
			targetProxy = EA037E631A834B9300F47B17 /* PBXContainerItemProxy */;
		};
/* End PBXTargetDependency section */

/* Begin PBXVariantGroup section */
		EA037E5B1A834B9300F47B17 /* MainMenu.xib */ = {
			isa = PBXVariantGroup;
			children = (
				EA037E5C1A834B9300F47B17 /* Base */,
			);
			name = MainMenu.xib;
			sourceTree = "<group>";
		};
/* End PBXVariantGroup section */

/* Begin XCBuildConfiguration section */
		EA037E6A1A834B9300F47B17 /* Debug */ = {
			isa = XCBuildConfiguration;
			buildSettings = {
				ALWAYS_SEARCH_USER_PATHS = NO;
				CLANG_CXX_LANGUAGE_STANDARD = "gnu++0x";
				CLANG_CXX_LIBRARY = "libc++";
				CLANG_ENABLE_MODULES = YES;
				CLANG_ENABLE_OBJC_ARC = YES;
				CLANG_WARN_BOOL_CONVERSION = YES;
				CLANG_WARN_CONSTANT_CONVERSION = YES;
				CLANG_WARN_DIRECT_OBJC_ISA_USAGE = YES_ERROR;
				CLANG_WARN_EMPTY_BODY = YES;
				CLANG_WARN_ENUM_CONVERSION = YES;
				CLANG_WARN_INT_CONVERSION = YES;
				CLANG_WARN_OBJC_ROOT_CLASS = YES_ERROR;
				CLANG_WARN_UNREACHABLE_CODE = YES;
				CLANG_WARN__DUPLICATE_METHOD_MATCH = YES;
				CODE_SIGN_IDENTITY = "-";
				COPY_PHASE_STRIP = NO;
				ENABLE_STRICT_OBJC_MSGSEND = YES;
				GCC_C_LANGUAGE_STANDARD = gnu99;
				GCC_DYNAMIC_NO_PIC = NO;
				GCC_OPTIMIZATION_LEVEL = 0;
				GCC_PREPROCESSOR_DEFINITIONS = (
					"DEBUG=1",
					"$(inherited)",
				);
				GCC_SYMBOLS_PRIVATE_EXTERN = NO;
				GCC_WARN_64_TO_32_BIT_CONVERSION = YES;
				GCC_WARN_ABOUT_RETURN_TYPE = YES_ERROR;
				GCC_WARN_UNDECLARED_SELECTOR = YES;
				GCC_WARN_UNINITIALIZED_AUTOS = YES_AGGRESSIVE;
				GCC_WARN_UNUSED_FUNCTION = YES;
				GCC_WARN_UNUSED_VARIABLE = YES;
				MACOSX_DEPLOYMENT_TARGET = 10.10;
				MTL_ENABLE_DEBUG_INFO = YES;
				ONLY_ACTIVE_ARCH = YES;
				SDKROOT = macosx;
				SWIFT_OPTIMIZATION_LEVEL = "-Onone";
			};
			name = Debug;
		};
		EA037E6B1A834B9300F47B17 /* Release */ = {
			isa = XCBuildConfiguration;
			buildSettings = {
				ALWAYS_SEARCH_USER_PATHS = NO;
				CLANG_CXX_LANGUAGE_STANDARD = "gnu++0x";
				CLANG_CXX_LIBRARY = "libc++";
				CLANG_ENABLE_MODULES = YES;
				CLANG_ENABLE_OBJC_ARC = YES;
				CLANG_WARN_BOOL_CONVERSION = YES;
				CLANG_WARN_CONSTANT_CONVERSION = YES;
				CLANG_WARN_DIRECT_OBJC_ISA_USAGE = YES_ERROR;
				CLANG_WARN_EMPTY_BODY = YES;
				CLANG_WARN_ENUM_CONVERSION = YES;
				CLANG_WARN_INT_CONVERSION = YES;
				CLANG_WARN_OBJC_ROOT_CLASS = YES_ERROR;
				CLANG_WARN_UNREACHABLE_CODE = YES;
				CLANG_WARN__DUPLICATE_METHOD_MATCH = YES;
				CODE_SIGN_IDENTITY = "-";
				COPY_PHASE_STRIP = YES;
				DEBUG_INFORMATION_FORMAT = "dwarf-with-dsym";
				ENABLE_NS_ASSERTIONS = NO;
				ENABLE_STRICT_OBJC_MSGSEND = YES;
				GCC_C_LANGUAGE_STANDARD = gnu99;
				GCC_WARN_64_TO_32_BIT_CONVERSION = YES;
				GCC_WARN_ABOUT_RETURN_TYPE = YES_ERROR;
				GCC_WARN_UNDECLARED_SELECTOR = YES;
				GCC_WARN_UNINITIALIZED_AUTOS = YES_AGGRESSIVE;
				GCC_WARN_UNUSED_FUNCTION = YES;
				GCC_WARN_UNUSED_VARIABLE = YES;
				MACOSX_DEPLOYMENT_TARGET = 10.10;
				MTL_ENABLE_DEBUG_INFO = NO;
				SDKROOT = macosx;
			};
			name = Release;
		};
		EA037E6D1A834B9300F47B17 /* Debug */ = {
			isa = XCBuildConfiguration;
			buildSettings = {
				ASSETCATALOG_COMPILER_APPICON_NAME = AppIcon;
				COMBINE_HIDPI_IMAGES = YES;
				FRAMEWORK_SEARCH_PATHS = (
					"$(inherited)",
					"$(PROJECT_DIR)/Carthage/Build/Mac",
				);
				INFOPLIST_FILE = Sukhasana/Info.plist;
				LD_RUNPATH_SEARCH_PATHS = "$(inherited) @executable_path/../Frameworks";
				PRODUCT_NAME = "$(TARGET_NAME)";
			};
			name = Debug;
		};
		EA037E6E1A834B9300F47B17 /* Release */ = {
			isa = XCBuildConfiguration;
			buildSettings = {
				ASSETCATALOG_COMPILER_APPICON_NAME = AppIcon;
				COMBINE_HIDPI_IMAGES = YES;
				FRAMEWORK_SEARCH_PATHS = (
					"$(inherited)",
					"$(PROJECT_DIR)/Carthage/Build/Mac",
				);
				INFOPLIST_FILE = Sukhasana/Info.plist;
				LD_RUNPATH_SEARCH_PATHS = "$(inherited) @executable_path/../Frameworks";
				PRODUCT_NAME = "$(TARGET_NAME)";
			};
			name = Release;
		};
		EA037E701A834B9300F47B17 /* Debug */ = {
			isa = XCBuildConfiguration;
			buildSettings = {
				BUNDLE_LOADER = "$(TEST_HOST)";
				COMBINE_HIDPI_IMAGES = YES;
				FRAMEWORK_SEARCH_PATHS = (
					"$(DEVELOPER_FRAMEWORKS_DIR)",
					"$(inherited)",
				);
				GCC_PREPROCESSOR_DEFINITIONS = (
					"DEBUG=1",
					"$(inherited)",
				);
				INFOPLIST_FILE = SukhasanaTests/Info.plist;
				LD_RUNPATH_SEARCH_PATHS = "$(inherited) @executable_path/../Frameworks @loader_path/../Frameworks";
				PRODUCT_NAME = "$(TARGET_NAME)";
				TEST_HOST = "$(BUILT_PRODUCTS_DIR)/Sukhasana.app/Contents/MacOS/Sukhasana";
			};
			name = Debug;
		};
		EA037E711A834B9300F47B17 /* Release */ = {
			isa = XCBuildConfiguration;
			buildSettings = {
				BUNDLE_LOADER = "$(TEST_HOST)";
				COMBINE_HIDPI_IMAGES = YES;
				FRAMEWORK_SEARCH_PATHS = (
					"$(DEVELOPER_FRAMEWORKS_DIR)",
					"$(inherited)",
				);
				INFOPLIST_FILE = SukhasanaTests/Info.plist;
				LD_RUNPATH_SEARCH_PATHS = "$(inherited) @executable_path/../Frameworks @loader_path/../Frameworks";
				PRODUCT_NAME = "$(TARGET_NAME)";
				TEST_HOST = "$(BUILT_PRODUCTS_DIR)/Sukhasana.app/Contents/MacOS/Sukhasana";
			};
			name = Release;
		};
/* End XCBuildConfiguration section */

/* Begin XCConfigurationList section */
		EA037E4D1A834B9300F47B17 /* Build configuration list for PBXProject "Sukhasana" */ = {
			isa = XCConfigurationList;
			buildConfigurations = (
				EA037E6A1A834B9300F47B17 /* Debug */,
				EA037E6B1A834B9300F47B17 /* Release */,
			);
			defaultConfigurationIsVisible = 0;
			defaultConfigurationName = Release;
		};
		EA037E6C1A834B9300F47B17 /* Build configuration list for PBXNativeTarget "Sukhasana" */ = {
			isa = XCConfigurationList;
			buildConfigurations = (
				EA037E6D1A834B9300F47B17 /* Debug */,
				EA037E6E1A834B9300F47B17 /* Release */,
			);
			defaultConfigurationIsVisible = 0;
			defaultConfigurationName = Release;
		};
		EA037E6F1A834B9300F47B17 /* Build configuration list for PBXNativeTarget "SukhasanaTests" */ = {
			isa = XCConfigurationList;
			buildConfigurations = (
				EA037E701A834B9300F47B17 /* Debug */,
				EA037E711A834B9300F47B17 /* Release */,
			);
			defaultConfigurationIsVisible = 0;
			defaultConfigurationName = Release;
		};
/* End XCConfigurationList section */
	};
	rootObject = EA037E4A1A834B9300F47B17 /* Project object */;
}
